
Microsoft Visual Studio Solution File, Format Version 12.00
# Visual Studio 2017
Project("{FAE04EC0-301F-11D3-BF4B-00C04F79EFBC}") = "PROYECTO", "PROYECTO.csproj", "{7D557D36-B448-F0B1-DEFA-2ED42DDCD0BA}"
EndProject
Global
	GlobalSection(SolutionConfigurationPlatforms) = preSolution
		Debug|Any CPU = Debug|Any CPU
		Release|Any CPU = Release|Any CPU
	EndGlobalSection
	GlobalSection(ProjectConfigurationPlatforms) = postSolution
		{7D557D36-B448-F0B1-DEFA-2ED42DDCD0BA}.Debug|Any CPU.ActiveCfg = Debug|Any CPU
		{7D557D36-B448-F0B1-DEFA-2ED42DDCD0BA}.Debug|Any CPU.Build.0 = Debug|Any CPU
		{7D557D36-B448-F0B1-DEFA-2ED42DDCD0BA}.Release|Any CPU.ActiveCfg = Release|Any CPU
		{7D557D36-B448-F0B1-DEFA-2ED42DDCD0BA}.Release|Any CPU.Build.0 = Release|Any CPU
	EndGlobalSection
	GlobalSection(SolutionProperties) = preSolution
		HideSolutionNode = FALSE
	EndGlobalSection
EndGlobal
